
Microsoft Visual Studio Solution File, Format Version 12.00
# Visual Studio Version 16
VisualStudioVersion = 16.0.31105.61
MinimumVisualStudioVersion = 10.0.40219.1
Project("{FAE04EC0-301F-11D3-BF4B-00C04F79EFBC}") = "FtQuotes", "FtQuotes.csproj", "{37438E96-ADF7-45F0-8DF1-55150D48EC0B}"
EndProject
Global
	GlobalSection(SolutionConfigurationPlatforms) = preSolution
		Debug|Any CPU = Debug|Any CPU
		Release|Any CPU = Release|Any CPU
	EndGlobalSection
	GlobalSection(ProjectConfigurationPlatforms) = postSolution
		{37438E96-ADF7-45F0-8DF1-55150D48EC0B}.Debug|Any CPU.ActiveCfg = Debug|Any CPU
		{37438E96-ADF7-45F0-8DF1-55150D48EC0B}.Debug|Any CPU.Build.0 = Debug|Any CPU
		{37438E96-ADF7-45F0-8DF1-55150D48EC0B}.Release|Any CPU.ActiveCfg = Release|Any CPU
		{37438E96-ADF7-45F0-8DF1-55150D48EC0B}.Release|Any CPU.Build.0 = Release|Any CPU
	EndGlobalSection
	GlobalSection(SolutionProperties) = preSolution
		HideSolutionNode = FALSE
	EndGlobalSection
	GlobalSection(ExtensibilityGlobals) = postSolution
		SolutionGuid = {8C8BFF36-020A-48BE-B8CA-8910AB65C6A0}
	EndGlobalSection
EndGlobal
